{
    "requires": true,
    "lockfileVersion": 1,
    "dependencies": {
        "nanocolors": {
            "version": "0.2.11",
            "resolved": "https://registry.npmjs.org/nanocolors/-/nanocolors-0.2.11.tgz",
            "integrity": "sha512-83ttyvfJj66dKMadWfBkEUOEDFfRc8FpzTJvh1MySR/pzWFmFikTQZGOV6kHZRz7yR/heiQ1y/MHBBN5P/e7WQ=="
        }
    }
}
